{
  "name": "vue-weather-widget-example",
  "version": "1.0.0",
  "lockfileVersion": 1,
  "requires": true,
  "dependencies": {
    "jquery": {
      "version": "3.3.1",
      "resolved": "https://registry.npmjs.org/jquery/-/jquery-3.3.1.tgz",
      "integrity": "sha512-Ubldcmxp5np52/ENotGxlLe6aGMvmF4R8S6tZjsP6Knsaxd/xp3Zrh50cG93lR6nPXyUFwzN3ZSOQI0wRJNdGg=="
    },
    "vue": {
      "version": "2.6.9",
      "resolved": "https://registry.npmjs.org/vue/-/vue-2.6.9.tgz",
      "integrity": "sha512-t1+tvH8hybPM86oNne3ZozCD02zj/VoZIiojOBPJLjwBn7hxYU5e1gBObFpq8ts1NEn1VhPf/hVXBDAJ3X5ljg=="
    },
    "vue-weather-widget": {
      "version": "2.1.7",
      "resolved": "https://registry.npmjs.org/vue-weather-widget/-/vue-weather-widget-2.1.7.tgz",
      "integrity": "sha512-xQtiEZ8veenWVZTJWssKjsbscSV2nHMBKKN+Pm2NVp/FKHikUeofeTydCDcLEik+NntEGlVSrAk7PqIfdfFV6A==",
      "requires": {
        "jquery": "^3.3.1",
        "vue": "^2.6.9"
      }
    }
  }
}
